
Microsoft Visual Studio Solution File, Format Version 12.00
# Visual Studio 15
VisualStudioVersion = 15.0.28307.489
MinimumVisualStudioVersion = 10.0.40219.1
Project("{FAE04EC0-301F-11D3-BF4B-00C04F79EFBC}") = "FitnessNew", "FitnessNew\FitnessNew.csproj", "{C522C9D2-B2BF-4B14-8583-7FC713B78C8C}"
EndProject
Project("{FAE04EC0-301F-11D3-BF4B-00C04F79EFBC}") = "Library.Data", "Library.Data\Library.Data.csproj", "{9D7D5868-92F5-435E-8B3E-72C3D5B9C041}"
EndProject
Global
	GlobalSection(SolutionConfigurationPlatforms) = preSolution
		Debug|Any CPU = Debug|Any CPU
		Release|Any CPU = Release|Any CPU
	EndGlobalSection
	GlobalSection(ProjectConfigurationPlatforms) = postSolution
		{C522C9D2-B2BF-4B14-8583-7FC713B78C8C}.Debug|Any CPU.ActiveCfg = Debug|Any CPU
		{C522C9D2-B2BF-4B14-8583-7FC713B78C8C}.Debug|Any CPU.Build.0 = Debug|Any CPU
		{C522C9D2-B2BF-4B14-8583-7FC713B78C8C}.Release|Any CPU.ActiveCfg = Release|Any CPU
		{C522C9D2-B2BF-4B14-8583-7FC713B78C8C}.Release|Any CPU.Build.0 = Release|Any CPU
		{9D7D5868-92F5-435E-8B3E-72C3D5B9C041}.Debug|Any CPU.ActiveCfg = Debug|Any CPU
		{9D7D5868-92F5-435E-8B3E-72C3D5B9C041}.Debug|Any CPU.Build.0 = Debug|Any CPU
		{9D7D5868-92F5-435E-8B3E-72C3D5B9C041}.Release|Any CPU.ActiveCfg = Release|Any CPU
		{9D7D5868-92F5-435E-8B3E-72C3D5B9C041}.Release|Any CPU.Build.0 = Release|Any CPU
	EndGlobalSection
	GlobalSection(SolutionProperties) = preSolution
		HideSolutionNode = FALSE
	EndGlobalSection
	GlobalSection(ExtensibilityGlobals) = postSolution
		SolutionGuid = {31FE9C94-FBD8-412C-9331-C38791E59ACB}
	EndGlobalSection
EndGlobal
